
Microsoft Visual Studio Solution File, Format Version 12.00
# Visual Studio Version 16
VisualStudioVersion = 16.0.32228.343
MinimumVisualStudioVersion = 10.0.40219.1
Project("{FAE04EC0-301F-11D3-BF4B-00C04F79EFBC}") = "Ejercicio_neiner", "Ejercicio_neiner\Ejercicio_neiner.csproj", "{BC01C767-F82B-4434-9D20-57D4C68402B9}"
EndProject
Project("{FAE04EC0-301F-11D3-BF4B-00C04F79EFBC}") = "Biblioteca", "Biblioteca\Biblioteca.csproj", "{AC67E927-5EE6-4D1E-AB53-315FA4E244C7}"
EndProject
Global
	GlobalSection(SolutionConfigurationPlatforms) = preSolution
		Debug|Any CPU = Debug|Any CPU
		Release|Any CPU = Release|Any CPU
	EndGlobalSection
	GlobalSection(ProjectConfigurationPlatforms) = postSolution
		{BC01C767-F82B-4434-9D20-57D4C68402B9}.Debug|Any CPU.ActiveCfg = Debug|Any CPU
		{BC01C767-F82B-4434-9D20-57D4C68402B9}.Debug|Any CPU.Build.0 = Debug|Any CPU
		{BC01C767-F82B-4434-9D20-57D4C68402B9}.Release|Any CPU.ActiveCfg = Release|Any CPU
		{BC01C767-F82B-4434-9D20-57D4C68402B9}.Release|Any CPU.Build.0 = Release|Any CPU
		{AC67E927-5EE6-4D1E-AB53-315FA4E244C7}.Debug|Any CPU.ActiveCfg = Debug|Any CPU
		{AC67E927-5EE6-4D1E-AB53-315FA4E244C7}.Debug|Any CPU.Build.0 = Debug|Any CPU
		{AC67E927-5EE6-4D1E-AB53-315FA4E244C7}.Release|Any CPU.ActiveCfg = Release|Any CPU
		{AC67E927-5EE6-4D1E-AB53-315FA4E244C7}.Release|Any CPU.Build.0 = Release|Any CPU
	EndGlobalSection
	GlobalSection(SolutionProperties) = preSolution
		HideSolutionNode = FALSE
	EndGlobalSection
	GlobalSection(ExtensibilityGlobals) = postSolution
		SolutionGuid = {A37B8923-5156-4A06-A0F5-07974F985B9A}
	EndGlobalSection
EndGlobal
