
Microsoft Visual Studio Solution File, Format Version 12.00
# Visual Studio Version 16
VisualStudioVersion = 16.0.32602.291
MinimumVisualStudioVersion = 10.0.40219.1
Project("{FAE04EC0-301F-11D3-BF4B-00C04F79EFBC}") = "ConsoleApp", "ConsoleApp\ConsoleApp.csproj", "{51456511-4580-4C5E-A5AA-B7787623FEE7}"
EndProject
Global
	GlobalSection(SolutionConfigurationPlatforms) = preSolution
		Debug|Any CPU = Debug|Any CPU
		Release|Any CPU = Release|Any CPU
	EndGlobalSection
	GlobalSection(ProjectConfigurationPlatforms) = postSolution
		{51456511-4580-4C5E-A5AA-B7787623FEE7}.Debug|Any CPU.ActiveCfg = Debug|Any CPU
		{51456511-4580-4C5E-A5AA-B7787623FEE7}.Debug|Any CPU.Build.0 = Debug|Any CPU
		{51456511-4580-4C5E-A5AA-B7787623FEE7}.Release|Any CPU.ActiveCfg = Release|Any CPU
		{51456511-4580-4C5E-A5AA-B7787623FEE7}.Release|Any CPU.Build.0 = Release|Any CPU
	EndGlobalSection
	GlobalSection(SolutionProperties) = preSolution
		HideSolutionNode = FALSE
	EndGlobalSection
	GlobalSection(ExtensibilityGlobals) = postSolution
		SolutionGuid = {A120D128-2EE1-48A5-89C5-C02F96AD0627}
	EndGlobalSection
EndGlobal
