
Microsoft Visual Studio Solution File, Format Version 12.00
# Visual Studio Version 16
VisualStudioVersion = 16.0.32602.291
MinimumVisualStudioVersion = 10.0.40219.1
Project("{9A19103F-16F7-4668-BE54-9A1E7A4F7556}") = "WinFormsApp", "WinFormsApp\WinFormsApp.csproj", "{19B0EA13-BD07-4A2E-9D03-BD66DFBFEB9E}"
EndProject
Project("{9A19103F-16F7-4668-BE54-9A1E7A4F7556}") = "Biblio", "Biblio\Biblio.csproj", "{684A42EC-9A4A-42D2-8EC1-678743AC3566}"
EndProject
Project("{FAE04EC0-301F-11D3-BF4B-00C04F79EFBC}") = "TestProject", "TestProject\TestProject.csproj", "{20353040-4124-46F6-B156-F27EC3EA95DD}"
EndProject
Global
	GlobalSection(SolutionConfigurationPlatforms) = preSolution
		Debug|Any CPU = Debug|Any CPU
		Release|Any CPU = Release|Any CPU
	EndGlobalSection
	GlobalSection(ProjectConfigurationPlatforms) = postSolution
		{19B0EA13-BD07-4A2E-9D03-BD66DFBFEB9E}.Debug|Any CPU.ActiveCfg = Debug|Any CPU
		{19B0EA13-BD07-4A2E-9D03-BD66DFBFEB9E}.Debug|Any CPU.Build.0 = Debug|Any CPU
		{19B0EA13-BD07-4A2E-9D03-BD66DFBFEB9E}.Release|Any CPU.ActiveCfg = Release|Any CPU
		{19B0EA13-BD07-4A2E-9D03-BD66DFBFEB9E}.Release|Any CPU.Build.0 = Release|Any CPU
		{684A42EC-9A4A-42D2-8EC1-678743AC3566}.Debug|Any CPU.ActiveCfg = Debug|Any CPU
		{684A42EC-9A4A-42D2-8EC1-678743AC3566}.Debug|Any CPU.Build.0 = Debug|Any CPU
		{684A42EC-9A4A-42D2-8EC1-678743AC3566}.Release|Any CPU.ActiveCfg = Release|Any CPU
		{684A42EC-9A4A-42D2-8EC1-678743AC3566}.Release|Any CPU.Build.0 = Release|Any CPU
		{20353040-4124-46F6-B156-F27EC3EA95DD}.Debug|Any CPU.ActiveCfg = Debug|Any CPU
		{20353040-4124-46F6-B156-F27EC3EA95DD}.Debug|Any CPU.Build.0 = Debug|Any CPU
		{20353040-4124-46F6-B156-F27EC3EA95DD}.Release|Any CPU.ActiveCfg = Release|Any CPU
		{20353040-4124-46F6-B156-F27EC3EA95DD}.Release|Any CPU.Build.0 = Release|Any CPU
	EndGlobalSection
	GlobalSection(SolutionProperties) = preSolution
		HideSolutionNode = FALSE
	EndGlobalSection
	GlobalSection(ExtensibilityGlobals) = postSolution
		SolutionGuid = {52406D38-7139-4510-A3EC-507B96D48C55}
	EndGlobalSection
EndGlobal
