
Microsoft Visual Studio Solution File, Format Version 12.00
# Visual Studio Version 16
VisualStudioVersion = 16.0.32228.343
MinimumVisualStudioVersion = 10.0.40219.1
Project("{FAE04EC0-301F-11D3-BF4B-00C04F79EFBC}") = "Generic_Juguetes", "Generic_Juguetes\Generic_Juguetes.csproj", "{AA331734-F8E6-45C7-9914-C7D59C40F79D}"
EndProject
Project("{FAE04EC0-301F-11D3-BF4B-00C04F79EFBC}") = "Biblio", "Biblio\Biblio.csproj", "{5274C122-D0A6-4C18-80CC-AC83C15AC176}"
EndProject
Global
	GlobalSection(SolutionConfigurationPlatforms) = preSolution
		Debug|Any CPU = Debug|Any CPU
		Release|Any CPU = Release|Any CPU
	EndGlobalSection
	GlobalSection(ProjectConfigurationPlatforms) = postSolution
		{AA331734-F8E6-45C7-9914-C7D59C40F79D}.Debug|Any CPU.ActiveCfg = Debug|Any CPU
		{AA331734-F8E6-45C7-9914-C7D59C40F79D}.Debug|Any CPU.Build.0 = Debug|Any CPU
		{AA331734-F8E6-45C7-9914-C7D59C40F79D}.Release|Any CPU.ActiveCfg = Release|Any CPU
		{AA331734-F8E6-45C7-9914-C7D59C40F79D}.Release|Any CPU.Build.0 = Release|Any CPU
		{5274C122-D0A6-4C18-80CC-AC83C15AC176}.Debug|Any CPU.ActiveCfg = Debug|Any CPU
		{5274C122-D0A6-4C18-80CC-AC83C15AC176}.Debug|Any CPU.Build.0 = Debug|Any CPU
		{5274C122-D0A6-4C18-80CC-AC83C15AC176}.Release|Any CPU.ActiveCfg = Release|Any CPU
		{5274C122-D0A6-4C18-80CC-AC83C15AC176}.Release|Any CPU.Build.0 = Release|Any CPU
	EndGlobalSection
	GlobalSection(SolutionProperties) = preSolution
		HideSolutionNode = FALSE
	EndGlobalSection
	GlobalSection(ExtensibilityGlobals) = postSolution
		SolutionGuid = {F7FA49C4-C9D7-402C-98DF-5AED64F54D29}
	EndGlobalSection
EndGlobal
