
Microsoft Visual Studio Solution File, Format Version 12.00
# Visual Studio Version 16
VisualStudioVersion = 16.0.32602.291
MinimumVisualStudioVersion = 10.0.40219.1
Project("{9A19103F-16F7-4668-BE54-9A1E7A4F7556}") = "Centralita", "Centralita\Centralita.csproj", "{252D620C-A334-4420-BFB4-097820AAE9CD}"
EndProject
Project("{9A19103F-16F7-4668-BE54-9A1E7A4F7556}") = "Biblio", "Biblio\Biblio.csproj", "{22C47ACE-EF09-4769-812F-E080978C84D4}"
EndProject
Global
	GlobalSection(SolutionConfigurationPlatforms) = preSolution
		Debug|Any CPU = Debug|Any CPU
		Release|Any CPU = Release|Any CPU
	EndGlobalSection
	GlobalSection(ProjectConfigurationPlatforms) = postSolution
		{252D620C-A334-4420-BFB4-097820AAE9CD}.Debug|Any CPU.ActiveCfg = Debug|Any CPU
		{252D620C-A334-4420-BFB4-097820AAE9CD}.Debug|Any CPU.Build.0 = Debug|Any CPU
		{252D620C-A334-4420-BFB4-097820AAE9CD}.Release|Any CPU.ActiveCfg = Release|Any CPU
		{252D620C-A334-4420-BFB4-097820AAE9CD}.Release|Any CPU.Build.0 = Release|Any CPU
		{22C47ACE-EF09-4769-812F-E080978C84D4}.Debug|Any CPU.ActiveCfg = Debug|Any CPU
		{22C47ACE-EF09-4769-812F-E080978C84D4}.Debug|Any CPU.Build.0 = Debug|Any CPU
		{22C47ACE-EF09-4769-812F-E080978C84D4}.Release|Any CPU.ActiveCfg = Release|Any CPU
		{22C47ACE-EF09-4769-812F-E080978C84D4}.Release|Any CPU.Build.0 = Release|Any CPU
	EndGlobalSection
	GlobalSection(SolutionProperties) = preSolution
		HideSolutionNode = FALSE
	EndGlobalSection
	GlobalSection(ExtensibilityGlobals) = postSolution
		SolutionGuid = {26AFE976-E9DE-470B-B1F2-254B0CB73899}
	EndGlobalSection
EndGlobal
