
Microsoft Visual Studio Solution File, Format Version 12.00
# Visual Studio Version 16
VisualStudioVersion = 16.0.32602.291
MinimumVisualStudioVersion = 10.0.40219.1
Project("{FAE04EC0-301F-11D3-BF4B-00C04F79EFBC}") = "ConsoleApp", "ConsoleApp\ConsoleApp.csproj", "{BA40DD0A-5963-43AA-8D5D-545FD546EC8B}"
EndProject
Global
	GlobalSection(SolutionConfigurationPlatforms) = preSolution
		Debug|Any CPU = Debug|Any CPU
		Release|Any CPU = Release|Any CPU
	EndGlobalSection
	GlobalSection(ProjectConfigurationPlatforms) = postSolution
		{BA40DD0A-5963-43AA-8D5D-545FD546EC8B}.Debug|Any CPU.ActiveCfg = Debug|Any CPU
		{BA40DD0A-5963-43AA-8D5D-545FD546EC8B}.Debug|Any CPU.Build.0 = Debug|Any CPU
		{BA40DD0A-5963-43AA-8D5D-545FD546EC8B}.Release|Any CPU.ActiveCfg = Release|Any CPU
		{BA40DD0A-5963-43AA-8D5D-545FD546EC8B}.Release|Any CPU.Build.0 = Release|Any CPU
	EndGlobalSection
	GlobalSection(SolutionProperties) = preSolution
		HideSolutionNode = FALSE
	EndGlobalSection
	GlobalSection(ExtensibilityGlobals) = postSolution
		SolutionGuid = {6FDFBF3A-7EDD-4F75-8FBF-831D1C8192D6}
	EndGlobalSection
EndGlobal
