
Microsoft Visual Studio Solution File, Format Version 12.00
# Visual Studio Version 16
VisualStudioVersion = 16.0.32228.343
MinimumVisualStudioVersion = 10.0.40219.1
Project("{9A19103F-16F7-4668-BE54-9A1E7A4F7556}") = "Cerizaa_Interfaces", "Cerizaa_Interfaces\Cerizaa_Interfaces.csproj", "{C9D00A36-6E66-4257-9D94-A54B4B3F1001}"
EndProject
Project("{FAE04EC0-301F-11D3-BF4B-00C04F79EFBC}") = "Biblio", "Biblio\Biblio.csproj", "{BF33E688-37D2-4E93-B30B-233982D94444}"
EndProject
Global
	GlobalSection(SolutionConfigurationPlatforms) = preSolution
		Debug|Any CPU = Debug|Any CPU
		Release|Any CPU = Release|Any CPU
	EndGlobalSection
	GlobalSection(ProjectConfigurationPlatforms) = postSolution
		{C9D00A36-6E66-4257-9D94-A54B4B3F1001}.Debug|Any CPU.ActiveCfg = Debug|Any CPU
		{C9D00A36-6E66-4257-9D94-A54B4B3F1001}.Debug|Any CPU.Build.0 = Debug|Any CPU
		{C9D00A36-6E66-4257-9D94-A54B4B3F1001}.Release|Any CPU.ActiveCfg = Release|Any CPU
		{C9D00A36-6E66-4257-9D94-A54B4B3F1001}.Release|Any CPU.Build.0 = Release|Any CPU
		{BF33E688-37D2-4E93-B30B-233982D94444}.Debug|Any CPU.ActiveCfg = Debug|Any CPU
		{BF33E688-37D2-4E93-B30B-233982D94444}.Debug|Any CPU.Build.0 = Debug|Any CPU
		{BF33E688-37D2-4E93-B30B-233982D94444}.Release|Any CPU.ActiveCfg = Release|Any CPU
		{BF33E688-37D2-4E93-B30B-233982D94444}.Release|Any CPU.Build.0 = Release|Any CPU
	EndGlobalSection
	GlobalSection(SolutionProperties) = preSolution
		HideSolutionNode = FALSE
	EndGlobalSection
	GlobalSection(ExtensibilityGlobals) = postSolution
		SolutionGuid = {D3F747C2-6139-4D8A-A48E-1E194F116240}
	EndGlobalSection
EndGlobal
